{
  "nodes": {
    "home-manager": {
      "inputs": {
        "nixpkgs": "nixpkgs"
      },
      "locked": {
        "lastModified": 1647521104,
        "narHash": "sha256-H9D0fxuwsXNmN3AXCH2EmhcVvOqhVb49TUP3AVpDdCk=",
        "owner": "nix-community",
        "repo": "home-manager",
        "rev": "970b57fd3c93f6c76d5cdfb4da23a5b4010b9e8b",
        "type": "github"
      },
      "original": {
        "owner": "nix-community",
        "repo": "home-manager",
        "type": "github"
      }
    },
    "nixpkgs": {
      "locked": {
        "lastModified": 1647350163,
        "narHash": "sha256-OcMI+PFEHTONthXuEQNddt16Ml7qGvanL3x8QOl2Aao=",
        "owner": "NixOS",
        "repo": "nixpkgs",
        "rev": "3eb07eeafb52bcbf02ce800f032f18d666a9498d",
        "type": "github"
      },
      "original": {
        "id": "nixpkgs",
        "type": "indirect"
      }
    },
    "nixpkgs_2": {
      "locked": {
        "lastModified": 1647350163,
        "narHash": "sha256-OcMI+PFEHTONthXuEQNddt16Ml7qGvanL3x8QOl2Aao=",
        "owner": "NixOS",
        "repo": "nixpkgs",
        "rev": "3eb07eeafb52bcbf02ce800f032f18d666a9498d",
        "type": "github"
      },
      "original": {
        "owner": "NixOS",
        "ref": "nixpkgs-unstable",
        "repo": "nixpkgs",
        "type": "github"
      }
    },
    "nur": {
      "locked": {
        "lastModified": 1647624737,
        "narHash": "sha256-LHlyHgZIl7TDpdtPHKrGxsbrSZgx3BcYmXCkMPYM9wQ=",
        "owner": "nix-community",
        "repo": "NUR",
        "rev": "c2ed3be46a642be8f46be57faa24aac3765d3676",
        "type": "github"
      },
      "original": {
        "owner": "nix-community",
        "repo": "NUR",
        "type": "github"
      }
    },
    "root": {
      "inputs": {
        "home-manager": "home-manager",
        "nixpkgs": "nixpkgs_2",
        "nur": "nur"
      }
    }
  },
  "root": "root",
  "version": 7
}
