{
  "nodes": {
    "home-manager": {
      "inputs": {
        "nixpkgs": "nixpkgs"
      },
      "locked": {
        "lastModified": 1652452043,
        "narHash": "sha256-nh3mdVB/Kk5ag1uRMAlKo8r+ssN3HNxwbLsqRG4xZkw=",
        "owner": "nix-community",
        "repo": "home-manager",
        "rev": "273598f53e04f0111dca5724b37640e3907edaaf",
        "type": "github"
      },
      "original": {
        "owner": "nix-community",
        "repo": "home-manager",
        "type": "github"
      }
    },
    "nixpkgs": {
      "locked": {
        "lastModified": 1652483617,
        "narHash": "sha256-Jxyn3uXFr5LdZNNiippI/obtLXAVBM18uVfiKVP4j9Q=",
        "owner": "NixOS",
        "repo": "nixpkgs",
        "rev": "ed014c27f4d0ca772fb57d3b8985b772b0503bbd",
        "type": "github"
      },
      "original": {
        "id": "nixpkgs",
        "type": "indirect"
      }
    },
    "nixpkgs_2": {
      "locked": {
        "lastModified": 1652483617,
        "narHash": "sha256-Jxyn3uXFr5LdZNNiippI/obtLXAVBM18uVfiKVP4j9Q=",
        "owner": "NixOS",
        "repo": "nixpkgs",
        "rev": "ed014c27f4d0ca772fb57d3b8985b772b0503bbd",
        "type": "github"
      },
      "original": {
        "owner": "NixOS",
        "ref": "nixpkgs-unstable",
        "repo": "nixpkgs",
        "type": "github"
      }
    },
    "nur": {
      "locked": {
        "lastModified": 1652556777,
        "narHash": "sha256-NFfCNCSoxF574Kpibr09PaHvIjf8c5m3A7kyPNv3dug=",
        "owner": "nix-community",
        "repo": "NUR",
        "rev": "30a3b7b17f1cfd9148cebbe7f491de88bea67155",
        "type": "github"
      },
      "original": {
        "owner": "nix-community",
        "repo": "NUR",
        "type": "github"
      }
    },
    "root": {
      "inputs": {
        "home-manager": "home-manager",
        "nixpkgs": "nixpkgs_2",
        "nur": "nur"
      }
    }
  },
  "root": "root",
  "version": 7
}
